// !$*UTF8*$!
{
	archiveVersion = 1;
	classes = {
	};
	objectVersion = 56;
	objects = {

/* Begin PBXBuildFile section */
		4C6E819A2AA5F7E000180F52 /* Factory in Frameworks */ = {isa = PBXBuildFile; productRef = 4C6E81992AA5F7E000180F52 /* Factory */; };
		4C6E819E2AA5FEC100180F52 /* Firebase+Injection.swift in Sources */ = {isa = PBXBuildFile; fileRef = 4C6E819D2AA5FEC100180F52 /* Firebase+Injection.swift */; };
		4C6E81A02AA6A85200180F52 /* Repositories+Injection.swift in Sources */ = {isa = PBXBuildFile; fileRef = 4C6E819F2AA6A85200180F52 /* Repositories+Injection.swift */; };
		4C6E81A62AA72F9600180F52 /* SettingsView.swift in Sources */ = {isa = PBXBuildFile; fileRef = 4C6E81A52AA72F9600180F52 /* SettingsView.swift */; };
		4C6E81A82AA72FE800180F52 /* SettingsViewModel.swift in Sources */ = {isa = PBXBuildFile; fileRef = 4C6E81A72AA72FE800180F52 /* SettingsViewModel.swift */; };
		4C6E81AF2AA730A400180F52 /* LoginView.swift in Sources */ = {isa = PBXBuildFile; fileRef = 4C6E81AA2AA730A400180F52 /* LoginView.swift */; };
		4C6E81B02AA730A400180F52 /* GoogleSignInButton.swift in Sources */ = {isa = PBXBuildFile; fileRef = 4C6E81AB2AA730A400180F52 /* GoogleSignInButton.swift */; };
		4C6E81B12AA730A400180F52 /* SignupView.swift in Sources */ = {isa = PBXBuildFile; fileRef = 4C6E81AC2AA730A400180F52 /* SignupView.swift */; };
		4C6E81B22AA730A400180F52 /* UserProfileView.swift in Sources */ = {isa = PBXBuildFile; fileRef = 4C6E81AD2AA730A400180F52 /* UserProfileView.swift */; };
		4C6E81B32AA730A400180F52 /* AuthenticationView.swift in Sources */ = {isa = PBXBuildFile; fileRef = 4C6E81AE2AA730A400180F52 /* AuthenticationView.swift */; };
		4C6E81B72AA730F500180F52 /* UserProfileViewModel.swift in Sources */ = {isa = PBXBuildFile; fileRef = 4C6E81B52AA730F500180F52 /* UserProfileViewModel.swift */; };
		4C6E81B82AA730F500180F52 /* AuthenticationViewModel.swift in Sources */ = {isa = PBXBuildFile; fileRef = 4C6E81B62AA730F500180F52 /* AuthenticationViewModel.swift */; };
		4C6E81BB2AA7EA2700180F52 /* AuthenticationService.swift in Sources */ = {isa = PBXBuildFile; fileRef = 4C6E81BA2AA7EA2700180F52 /* AuthenticationService.swift */; };
		4C6E81BD2AA7ECBD00180F52 /* AuthenticationService+Injection.swift in Sources */ = {isa = PBXBuildFile; fileRef = 4C6E81BC2AA7ECBD00180F52 /* AuthenticationService+Injection.swift */; };
		4CBDFA412A96BD3800B94F5C /* MakeItSoApp.swift in Sources */ = {isa = PBXBuildFile; fileRef = 4CBDFA402A96BD3800B94F5C /* MakeItSoApp.swift */; };
		4CBDFA432A96BD3800B94F5C /* RemindersListView.swift in Sources */ = {isa = PBXBuildFile; fileRef = 4CBDFA422A96BD3800B94F5C /* RemindersListView.swift */; };
		4CBDFA452A96BD3900B94F5C /* Assets.xcassets in Resources */ = {isa = PBXBuildFile; fileRef = 4CBDFA442A96BD3900B94F5C /* Assets.xcassets */; };
		4CBDFA492A96BD3900B94F5C /* Preview Assets.xcassets in Resources */ = {isa = PBXBuildFile; fileRef = 4CBDFA482A96BD3900B94F5C /* Preview Assets.xcassets */; };
		4CBDFA502A96BDB800B94F5C /* Reminder.swift in Sources */ = {isa = PBXBuildFile; fileRef = 4CBDFA4F2A96BDB800B94F5C /* Reminder.swift */; };
		4CF22AB42A96C85300CDE10B /* EditReminderDetailsView.swift in Sources */ = {isa = PBXBuildFile; fileRef = 4CF22AB32A96C85300CDE10B /* EditReminderDetailsView.swift */; };
		4CF22ABB2A96D2DF00CDE10B /* RemindersListViewModel.swift in Sources */ = {isa = PBXBuildFile; fileRef = 4CF22ABA2A96D2DF00CDE10B /* RemindersListViewModel.swift */; };
		4CF22ABD2A9CA36500CDE10B /* RemindersListRowView.swift in Sources */ = {isa = PBXBuildFile; fileRef = 4CF22ABC2A9CA36500CDE10B /* RemindersListRowView.swift */; };
		4CF22AC02A9CA6E700CDE10B /* ReminderToggleStyle.swift in Sources */ = {isa = PBXBuildFile; fileRef = 4CF22ABF2A9CA6E700CDE10B /* ReminderToggleStyle.swift */; };
		4CF22AC22A9D0E9B00CDE10B /* GoogleService-Info.plist in Resources */ = {isa = PBXBuildFile; fileRef = 4CF22AC12A9D0E9B00CDE10B /* GoogleService-Info.plist */; };
		4CF22AC52A9D0F7900CDE10B /* FirebaseAnalytics in Frameworks */ = {isa = PBXBuildFile; productRef = 4CF22AC42A9D0F7900CDE10B /* FirebaseAnalytics */; };
		4CF22AC72A9D0F7900CDE10B /* FirebaseAnalyticsSwift in Frameworks */ = {isa = PBXBuildFile; productRef = 4CF22AC62A9D0F7900CDE10B /* FirebaseAnalyticsSwift */; };
		4CF22AC92A9D0F7900CDE10B /* FirebaseAuth in Frameworks */ = {isa = PBXBuildFile; productRef = 4CF22AC82A9D0F7900CDE10B /* FirebaseAuth */; };
		4CF22ACB2A9D0F7900CDE10B /* FirebaseFirestore in Frameworks */ = {isa = PBXBuildFile; productRef = 4CF22ACA2A9D0F7900CDE10B /* FirebaseFirestore */; };
		4CF22ACD2A9D0F7900CDE10B /* FirebaseFirestoreSwift in Frameworks */ = {isa = PBXBuildFile; productRef = 4CF22ACC2A9D0F7900CDE10B /* FirebaseFirestoreSwift */; };
		4CF22AD02A9D655300CDE10B /* ReminderRepository.swift in Sources */ = {isa = PBXBuildFile; fileRef = 4CF22ACF2A9D655300CDE10B /* ReminderRepository.swift */; };
/* End PBXBuildFile section */

/* Begin PBXFileReference section */
		4C6E819D2AA5FEC100180F52 /* Firebase+Injection.swift */ = {isa = PBXFileReference; lastKnownFileType = sourcecode.swift; path = "Firebase+Injection.swift"; sourceTree = "<group>"; };
		4C6E819F2AA6A85200180F52 /* Repositories+Injection.swift */ = {isa = PBXFileReference; lastKnownFileType = sourcecode.swift; path = "Repositories+Injection.swift"; sourceTree = "<group>"; };
		4C6E81A52AA72F9600180F52 /* SettingsView.swift */ = {isa = PBXFileReference; lastKnownFileType = sourcecode.swift; path = SettingsView.swift; sourceTree = "<group>"; };
		4C6E81A72AA72FE800180F52 /* SettingsViewModel.swift */ = {isa = PBXFileReference; lastKnownFileType = sourcecode.swift; path = SettingsViewModel.swift; sourceTree = "<group>"; };
		4C6E81AA2AA730A400180F52 /* LoginView.swift */ = {isa = PBXFileReference; fileEncoding = 4; lastKnownFileType = sourcecode.swift; path = LoginView.swift; sourceTree = "<group>"; };
		4C6E81AB2AA730A400180F52 /* GoogleSignInButton.swift */ = {isa = PBXFileReference; fileEncoding = 4; lastKnownFileType = sourcecode.swift; path = GoogleSignInButton.swift; sourceTree = "<group>"; };
		4C6E81AC2AA730A400180F52 /* SignupView.swift */ = {isa = PBXFileReference; fileEncoding = 4; lastKnownFileType = sourcecode.swift; path = SignupView.swift; sourceTree = "<group>"; };
		4C6E81AD2AA730A400180F52 /* UserProfileView.swift */ = {isa = PBXFileReference; fileEncoding = 4; lastKnownFileType = sourcecode.swift; path = UserProfileView.swift; sourceTree = "<group>"; };
		4C6E81AE2AA730A400180F52 /* AuthenticationView.swift */ = {isa = PBXFileReference; fileEncoding = 4; lastKnownFileType = sourcecode.swift; path = AuthenticationView.swift; sourceTree = "<group>"; };
		4C6E81B52AA730F500180F52 /* UserProfileViewModel.swift */ = {isa = PBXFileReference; fileEncoding = 4; lastKnownFileType = sourcecode.swift; path = UserProfileViewModel.swift; sourceTree = "<group>"; };
		4C6E81B62AA730F500180F52 /* AuthenticationViewModel.swift */ = {isa = PBXFileReference; fileEncoding = 4; lastKnownFileType = sourcecode.swift; path = AuthenticationViewModel.swift; sourceTree = "<group>"; };
		4C6E81BA2AA7EA2700180F52 /* AuthenticationService.swift */ = {isa = PBXFileReference; lastKnownFileType = sourcecode.swift; path = AuthenticationService.swift; sourceTree = "<group>"; };
		4C6E81BC2AA7ECBD00180F52 /* AuthenticationService+Injection.swift */ = {isa = PBXFileReference; lastKnownFileType = sourcecode.swift; path = "AuthenticationService+Injection.swift"; sourceTree = "<group>"; };
		4CBDFA3D2A96BD3800B94F5C /* MakeItSo.app */ = {isa = PBXFileReference; explicitFileType = wrapper.application; includeInIndex = 0; path = MakeItSo.app; sourceTree = BUILT_PRODUCTS_DIR; };
		4CBDFA402A96BD3800B94F5C /* MakeItSoApp.swift */ = {isa = PBXFileReference; lastKnownFileType = sourcecode.swift; path = MakeItSoApp.swift; sourceTree = "<group>"; };
		4CBDFA422A96BD3800B94F5C /* RemindersListView.swift */ = {isa = PBXFileReference; lastKnownFileType = sourcecode.swift; path = RemindersListView.swift; sourceTree = "<group>"; };
		4CBDFA442A96BD3900B94F5C /* Assets.xcassets */ = {isa = PBXFileReference; lastKnownFileType = folder.assetcatalog; path = Assets.xcassets; sourceTree = "<group>"; };
		4CBDFA462A96BD3900B94F5C /* MakeItSo.entitlements */ = {isa = PBXFileReference; lastKnownFileType = text.plist.entitlements; path = MakeItSo.entitlements; sourceTree = "<group>"; };
		4CBDFA482A96BD3900B94F5C /* Preview Assets.xcassets */ = {isa = PBXFileReference; lastKnownFileType = folder.assetcatalog; path = "Preview Assets.xcassets"; sourceTree = "<group>"; };
		4CBDFA4F2A96BDB800B94F5C /* Reminder.swift */ = {isa = PBXFileReference; lastKnownFileType = sourcecode.swift; path = Reminder.swift; sourceTree = "<group>"; };
		4CF22AB32A96C85300CDE10B /* EditReminderDetailsView.swift */ = {isa = PBXFileReference; lastKnownFileType = sourcecode.swift; path = EditReminderDetailsView.swift; sourceTree = "<group>"; };
		4CF22ABA2A96D2DF00CDE10B /* RemindersListViewModel.swift */ = {isa = PBXFileReference; lastKnownFileType = sourcecode.swift; path = RemindersListViewModel.swift; sourceTree = "<group>"; };
		4CF22ABC2A9CA36500CDE10B /* RemindersListRowView.swift */ = {isa = PBXFileReference; lastKnownFileType = sourcecode.swift; path = RemindersListRowView.swift; sourceTree = "<group>"; };
		4CF22ABF2A9CA6E700CDE10B /* ReminderToggleStyle.swift */ = {isa = PBXFileReference; lastKnownFileType = sourcecode.swift; path = ReminderToggleStyle.swift; sourceTree = "<group>"; };
		4CF22AC12A9D0E9B00CDE10B /* GoogleService-Info.plist */ = {isa = PBXFileReference; fileEncoding = 4; lastKnownFileType = text.plist.xml; path = "GoogleService-Info.plist"; sourceTree = "<group>"; };
		4CF22ACF2A9D655300CDE10B /* ReminderRepository.swift */ = {isa = PBXFileReference; lastKnownFileType = sourcecode.swift; path = ReminderRepository.swift; sourceTree = "<group>"; };
/* End PBXFileReference section */

/* Begin PBXFrameworksBuildPhase section */
		4CBDFA3A2A96BD3800B94F5C /* Frameworks */ = {
			isa = PBXFrameworksBuildPhase;
			buildActionMask = 2147483647;
			files = (
				4CF22ACD2A9D0F7900CDE10B /* FirebaseFirestoreSwift in Frameworks */,
				4CF22AC72A9D0F7900CDE10B /* FirebaseAnalyticsSwift in Frameworks */,
				4CF22ACB2A9D0F7900CDE10B /* FirebaseFirestore in Frameworks */,
				4C6E819A2AA5F7E000180F52 /* Factory in Frameworks */,
				4CF22AC92A9D0F7900CDE10B /* FirebaseAuth in Frameworks */,
				4CF22AC52A9D0F7900CDE10B /* FirebaseAnalytics in Frameworks */,
			);
			runOnlyForDeploymentPostprocessing = 0;
		};
/* End PBXFrameworksBuildPhase section */

/* Begin PBXGroup section */
		4C6E819B2AA5F7F200180F52 /* Firebase */ = {
			isa = PBXGroup;
			children = (
				4C6E819C2AA5F7F900180F52 /* Services */,
			);
			path = Firebase;
			sourceTree = "<group>";
		};
		4C6E819C2AA5F7F900180F52 /* Services */ = {
			isa = PBXGroup;
			children = (
				4C6E819D2AA5FEC100180F52 /* Firebase+Injection.swift */,
			);
			path = Services;
			sourceTree = "<group>";
		};
		4C6E81A12AA72F3800180F52 /* Settings */ = {
			isa = PBXGroup;
			children = (
				4C6E81A42AA72F6300180F52 /* ViewModels */,
				4C6E81A32AA72F5A00180F52 /* Views */,
			);
			path = Settings;
			sourceTree = "<group>";
		};
		4C6E81A22AA72F4600180F52 /* Authentication */ = {
			isa = PBXGroup;
			children = (
				4C6E81B92AA7312500180F52 /* Services */,
				4C6E81B42AA730EA00180F52 /* ViewModels */,
				4C6E81A92AA7309800180F52 /* Views */,
			);
			path = Authentication;
			sourceTree = "<group>";
		};
		4C6E81A32AA72F5A00180F52 /* Views */ = {
			isa = PBXGroup;
			children = (
				4C6E81A52AA72F9600180F52 /* SettingsView.swift */,
			);
			path = Views;
			sourceTree = "<group>";
		};
		4C6E81A42AA72F6300180F52 /* ViewModels */ = {
			isa = PBXGroup;
			children = (
				4C6E81A72AA72FE800180F52 /* SettingsViewModel.swift */,
			);
			path = ViewModels;
			sourceTree = "<group>";
		};
		4C6E81A92AA7309800180F52 /* Views */ = {
			isa = PBXGroup;
			children = (
				4C6E81AE2AA730A400180F52 /* AuthenticationView.swift */,
				4C6E81AB2AA730A400180F52 /* GoogleSignInButton.swift */,
				4C6E81AA2AA730A400180F52 /* LoginView.swift */,
				4C6E81AC2AA730A400180F52 /* SignupView.swift */,
				4C6E81AD2AA730A400180F52 /* UserProfileView.swift */,
			);
			path = Views;
			sourceTree = "<group>";
		};
		4C6E81B42AA730EA00180F52 /* ViewModels */ = {
			isa = PBXGroup;
			children = (
				4C6E81B62AA730F500180F52 /* AuthenticationViewModel.swift */,
				4C6E81B52AA730F500180F52 /* UserProfileViewModel.swift */,
			);
			path = ViewModels;
			sourceTree = "<group>";
		};
		4C6E81B92AA7312500180F52 /* Services */ = {
			isa = PBXGroup;
			children = (
				4C6E81BA2AA7EA2700180F52 /* AuthenticationService.swift */,
				4C6E81BC2AA7ECBD00180F52 /* AuthenticationService+Injection.swift */,
			);
			path = Services;
			sourceTree = "<group>";
		};
		4CBDFA342A96BD3700B94F5C = {
			isa = PBXGroup;
			children = (
				4CBDFA3F2A96BD3800B94F5C /* MakeItSo */,
				4CBDFA3E2A96BD3800B94F5C /* Products */,
			);
			sourceTree = "<group>";
		};
		4CBDFA3E2A96BD3800B94F5C /* Products */ = {
			isa = PBXGroup;
			children = (
				4CBDFA3D2A96BD3800B94F5C /* MakeItSo.app */,
			);
			name = Products;
			sourceTree = "<group>";
		};
		4CBDFA3F2A96BD3800B94F5C /* MakeItSo */ = {
			isa = PBXGroup;
			children = (
				4CBDFA402A96BD3800B94F5C /* MakeItSoApp.swift */,
				4C6E819B2AA5F7F200180F52 /* Firebase */,
				4CF22AB52A96D22A00CDE10B /* Features */,
				4CBDFA442A96BD3900B94F5C /* Assets.xcassets */,
				4CBDFA462A96BD3900B94F5C /* MakeItSo.entitlements */,
				4CF22AC12A9D0E9B00CDE10B /* GoogleService-Info.plist */,
				4CBDFA472A96BD3900B94F5C /* Preview Content */,
			);
			path = MakeItSo;
			sourceTree = "<group>";
		};
		4CBDFA472A96BD3900B94F5C /* Preview Content */ = {
			isa = PBXGroup;
			children = (
				4CBDFA482A96BD3900B94F5C /* Preview Assets.xcassets */,
			);
			path = "Preview Content";
			sourceTree = "<group>";
		};
		4CF22AB52A96D22A00CDE10B /* Features */ = {
			isa = PBXGroup;
			children = (
				4C6E81A22AA72F4600180F52 /* Authentication */,
				4C6E81A12AA72F3800180F52 /* Settings */,
				4CF22AB62A96D23300CDE10B /* Reminders */,
			);
			path = Features;
			sourceTree = "<group>";
		};
		4CF22AB62A96D23300CDE10B /* Reminders */ = {
			isa = PBXGroup;
			children = (
				4CF22ACE2A9D653900CDE10B /* Repositories */,
				4CF22ABE2A9CA61600CDE10B /* Styles */,
				4CF22AB92A96D25B00CDE10B /* Views */,
				4CF22AB82A96D25000CDE10B /* ViewModels */,
				4CF22AB72A96D24700CDE10B /* Models */,
			);
			path = Reminders;
			sourceTree = "<group>";
		};
		4CF22AB72A96D24700CDE10B /* Models */ = {
			isa = PBXGroup;
			children = (
				4CBDFA4F2A96BDB800B94F5C /* Reminder.swift */,
			);
			path = Models;
			sourceTree = "<group>";
		};
		4CF22AB82A96D25000CDE10B /* ViewModels */ = {
			isa = PBXGroup;
			children = (
				4CF22ABA2A96D2DF00CDE10B /* RemindersListViewModel.swift */,
			);
			path = ViewModels;
			sourceTree = "<group>";
		};
		4CF22AB92A96D25B00CDE10B /* Views */ = {
			isa = PBXGroup;
			children = (
				4CF22AB32A96C85300CDE10B /* EditReminderDetailsView.swift */,
				4CBDFA422A96BD3800B94F5C /* RemindersListView.swift */,
				4CF22ABC2A9CA36500CDE10B /* RemindersListRowView.swift */,
			);
			path = Views;
			sourceTree = "<group>";
		};
		4CF22ABE2A9CA61600CDE10B /* Styles */ = {
			isa = PBXGroup;
			children = (
				4CF22ABF2A9CA6E700CDE10B /* ReminderToggleStyle.swift */,
			);
			path = Styles;
			sourceTree = "<group>";
		};
		4CF22ACE2A9D653900CDE10B /* Repositories */ = {
			isa = PBXGroup;
			children = (
				4CF22ACF2A9D655300CDE10B /* ReminderRepository.swift */,
				4C6E819F2AA6A85200180F52 /* Repositories+Injection.swift */,
			);
			path = Repositories;
			sourceTree = "<group>";
		};
/* End PBXGroup section */

/* Begin PBXNativeTarget section */
		4CBDFA3C2A96BD3800B94F5C /* MakeItSo */ = {
			isa = PBXNativeTarget;
			buildConfigurationList = 4CBDFA4C2A96BD3900B94F5C /* Build configuration list for PBXNativeTarget "MakeItSo" */;
			buildPhases = (
				4CBDFA392A96BD3800B94F5C /* Sources */,
				4CBDFA3A2A96BD3800B94F5C /* Frameworks */,
				4CBDFA3B2A96BD3800B94F5C /* Resources */,
			);
			buildRules = (
			);
			dependencies = (
			);
			name = MakeItSo;
			packageProductDependencies = (
				4CF22AC42A9D0F7900CDE10B /* FirebaseAnalytics */,
				4CF22AC62A9D0F7900CDE10B /* FirebaseAnalyticsSwift */,
				4CF22AC82A9D0F7900CDE10B /* FirebaseAuth */,
				4CF22ACA2A9D0F7900CDE10B /* FirebaseFirestore */,
				4CF22ACC2A9D0F7900CDE10B /* FirebaseFirestoreSwift */,
				4C6E81992AA5F7E000180F52 /* Factory */,
			);
			productName = MakeItSo;
			productReference = 4CBDFA3D2A96BD3800B94F5C /* MakeItSo.app */;
			productType = "com.apple.product-type.application";
		};
/* End PBXNativeTarget section */

/* Begin PBXProject section */
		4CBDFA352A96BD3700B94F5C /* Project object */ = {
			isa = PBXProject;
			attributes = {
				BuildIndependentTargetsInParallel = 1;
				LastSwiftUpdateCheck = 1430;
				LastUpgradeCheck = 1430;
				TargetAttributes = {
					4CBDFA3C2A96BD3800B94F5C = {
						CreatedOnToolsVersion = 14.3.1;
					};
				};
			};
			buildConfigurationList = 4CBDFA382A96BD3700B94F5C /* Build configuration list for PBXProject "MakeItSo" */;
			compatibilityVersion = "Xcode 14.0";
			developmentRegion = en;
			hasScannedForEncodings = 0;
			knownRegions = (
				en,
				Base,
			);
			mainGroup = 4CBDFA342A96BD3700B94F5C;
			packageReferences = (
				4CF22AC32A9D0F7900CDE10B /* XCRemoteSwiftPackageReference "firebase-ios-sdk" */,
				4C6E81982AA5F7DF00180F52 /* XCRemoteSwiftPackageReference "Factory" */,
			);
			productRefGroup = 4CBDFA3E2A96BD3800B94F5C /* Products */;
			projectDirPath = "";
			projectRoot = "";
			targets = (
				4CBDFA3C2A96BD3800B94F5C /* MakeItSo */,
			);
		};
/* End PBXProject section */

/* Begin PBXResourcesBuildPhase section */
		4CBDFA3B2A96BD3800B94F5C /* Resources */ = {
			isa = PBXResourcesBuildPhase;
			buildActionMask = 2147483647;
			files = (
				4CBDFA492A96BD3900B94F5C /* Preview Assets.xcassets in Resources */,
				4CF22AC22A9D0E9B00CDE10B /* GoogleService-Info.plist in Resources */,
				4CBDFA452A96BD3900B94F5C /* Assets.xcassets in Resources */,
			);
			runOnlyForDeploymentPostprocessing = 0;
		};
/* End PBXResourcesBuildPhase section */

/* Begin PBXSourcesBuildPhase section */
		4CBDFA392A96BD3800B94F5C /* Sources */ = {
			isa = PBXSourcesBuildPhase;
			buildActionMask = 2147483647;
			files = (
				4CF22AC02A9CA6E700CDE10B /* ReminderToggleStyle.swift in Sources */,
				4C6E819E2AA5FEC100180F52 /* Firebase+Injection.swift in Sources */,
				4C6E81B82AA730F500180F52 /* AuthenticationViewModel.swift in Sources */,
				4CF22AD02A9D655300CDE10B /* ReminderRepository.swift in Sources */,
				4CF22ABB2A96D2DF00CDE10B /* RemindersListViewModel.swift in Sources */,
				4CBDFA502A96BDB800B94F5C /* Reminder.swift in Sources */,
				4C6E81A02AA6A85200180F52 /* Repositories+Injection.swift in Sources */,
				4C6E81B02AA730A400180F52 /* GoogleSignInButton.swift in Sources */,
				4CBDFA432A96BD3800B94F5C /* RemindersListView.swift in Sources */,
				4CF22AB42A96C85300CDE10B /* EditReminderDetailsView.swift in Sources */,
				4C6E81B12AA730A400180F52 /* SignupView.swift in Sources */,
				4CBDFA412A96BD3800B94F5C /* MakeItSoApp.swift in Sources */,
				4C6E81B22AA730A400180F52 /* UserProfileView.swift in Sources */,
				4CF22ABD2A9CA36500CDE10B /* RemindersListRowView.swift in Sources */,
				4C6E81B32AA730A400180F52 /* AuthenticationView.swift in Sources */,
				4C6E81AF2AA730A400180F52 /* LoginView.swift in Sources */,
				4C6E81A62AA72F9600180F52 /* SettingsView.swift in Sources */,
				4C6E81A82AA72FE800180F52 /* SettingsViewModel.swift in Sources */,
				4C6E81B72AA730F500180F52 /* UserProfileViewModel.swift in Sources */,
				4C6E81BB2AA7EA2700180F52 /* AuthenticationService.swift in Sources */,
				4C6E81BD2AA7ECBD00180F52 /* AuthenticationService+Injection.swift in Sources */,
			);
			runOnlyForDeploymentPostprocessing = 0;
		};
/* End PBXSourcesBuildPhase section */

/* Begin XCBuildConfiguration section */
		4CBDFA4A2A96BD3900B94F5C /* Debug */ = {
			isa = XCBuildConfiguration;
			buildSettings = {
				ALWAYS_SEARCH_USER_PATHS = NO;
				CLANG_ANALYZER_NONNULL = YES;
				CLANG_ANALYZER_NUMBER_OBJECT_CONVERSION = YES_AGGRESSIVE;
				CLANG_CXX_LANGUAGE_STANDARD = "gnu++20";
				CLANG_ENABLE_MODULES = YES;
				CLANG_ENABLE_OBJC_ARC = YES;
				CLANG_ENABLE_OBJC_WEAK = YES;
				CLANG_WARN_BLOCK_CAPTURE_AUTORELEASING = YES;
				CLANG_WARN_BOOL_CONVERSION = YES;
				CLANG_WARN_COMMA = YES;
				CLANG_WARN_CONSTANT_CONVERSION = YES;
				CLANG_WARN_DEPRECATED_OBJC_IMPLEMENTATIONS = YES;
				CLANG_WARN_DIRECT_OBJC_ISA_USAGE = YES_ERROR;
				CLANG_WARN_DOCUMENTATION_COMMENTS = YES;
				CLANG_WARN_EMPTY_BODY = YES;
				CLANG_WARN_ENUM_CONVERSION = YES;
				CLANG_WARN_INFINITE_RECURSION = YES;
				CLANG_WARN_INT_CONVERSION = YES;
				CLANG_WARN_NON_LITERAL_NULL_CONVERSION = YES;
				CLANG_WARN_OBJC_IMPLICIT_RETAIN_SELF = YES;
				CLANG_WARN_OBJC_LITERAL_CONVERSION = YES;
				CLANG_WARN_OBJC_ROOT_CLASS = YES_ERROR;
				CLANG_WARN_QUOTED_INCLUDE_IN_FRAMEWORK_HEADER = YES;
				CLANG_WARN_RANGE_LOOP_ANALYSIS = YES;
				CLANG_WARN_STRICT_PROTOTYPES = YES;
				CLANG_WARN_SUSPICIOUS_MOVE = YES;
				CLANG_WARN_UNGUARDED_AVAILABILITY = YES_AGGRESSIVE;
				CLANG_WARN_UNREACHABLE_CODE = YES;
				CLANG_WARN__DUPLICATE_METHOD_MATCH = YES;
				COPY_PHASE_STRIP = NO;
				DEBUG_INFORMATION_FORMAT = dwarf;
				ENABLE_STRICT_OBJC_MSGSEND = YES;
				ENABLE_TESTABILITY = YES;
				GCC_C_LANGUAGE_STANDARD = gnu11;
				GCC_DYNAMIC_NO_PIC = NO;
				GCC_NO_COMMON_BLOCKS = YES;
				GCC_OPTIMIZATION_LEVEL = 0;
				GCC_PREPROCESSOR_DEFINITIONS = (
					"DEBUG=1",
					"$(inherited)",
				);
				GCC_WARN_64_TO_32_BIT_CONVERSION = YES;
				GCC_WARN_ABOUT_RETURN_TYPE = YES_ERROR;
				GCC_WARN_UNDECLARED_SELECTOR = YES;
				GCC_WARN_UNINITIALIZED_AUTOS = YES_AGGRESSIVE;
				GCC_WARN_UNUSED_FUNCTION = YES;
				GCC_WARN_UNUSED_VARIABLE = YES;
				MTL_ENABLE_DEBUG_INFO = INCLUDE_SOURCE;
				MTL_FAST_MATH = YES;
				ONLY_ACTIVE_ARCH = YES;
				SWIFT_ACTIVE_COMPILATION_CONDITIONS = DEBUG;
				SWIFT_OPTIMIZATION_LEVEL = "-Onone";
			};
			name = Debug;
		};
		4CBDFA4B2A96BD3900B94F5C /* Release */ = {
			isa = XCBuildConfiguration;
			buildSettings = {
				ALWAYS_SEARCH_USER_PATHS = NO;
				CLANG_ANALYZER_NONNULL = YES;
				CLANG_ANALYZER_NUMBER_OBJECT_CONVERSION = YES_AGGRESSIVE;
				CLANG_CXX_LANGUAGE_STANDARD = "gnu++20";
				CLANG_ENABLE_MODULES = YES;
				CLANG_ENABLE_OBJC_ARC = YES;
				CLANG_ENABLE_OBJC_WEAK = YES;
				CLANG_WARN_BLOCK_CAPTURE_AUTORELEASING = YES;
				CLANG_WARN_BOOL_CONVERSION = YES;
				CLANG_WARN_COMMA = YES;
				CLANG_WARN_CONSTANT_CONVERSION = YES;
				CLANG_WARN_DEPRECATED_OBJC_IMPLEMENTATIONS = YES;
				CLANG_WARN_DIRECT_OBJC_ISA_USAGE = YES_ERROR;
				CLANG_WARN_DOCUMENTATION_COMMENTS = YES;
				CLANG_WARN_EMPTY_BODY = YES;
				CLANG_WARN_ENUM_CONVERSION = YES;
				CLANG_WARN_INFINITE_RECURSION = YES;
				CLANG_WARN_INT_CONVERSION = YES;
				CLANG_WARN_NON_LITERAL_NULL_CONVERSION = YES;
				CLANG_WARN_OBJC_IMPLICIT_RETAIN_SELF = YES;
				CLANG_WARN_OBJC_LITERAL_CONVERSION = YES;
				CLANG_WARN_OBJC_ROOT_CLASS = YES_ERROR;
				CLANG_WARN_QUOTED_INCLUDE_IN_FRAMEWORK_HEADER = YES;
				CLANG_WARN_RANGE_LOOP_ANALYSIS = YES;
				CLANG_WARN_STRICT_PROTOTYPES = YES;
				CLANG_WARN_SUSPICIOUS_MOVE = YES;
				CLANG_WARN_UNGUARDED_AVAILABILITY = YES_AGGRESSIVE;
				CLANG_WARN_UNREACHABLE_CODE = YES;
				CLANG_WARN__DUPLICATE_METHOD_MATCH = YES;
				COPY_PHASE_STRIP = NO;
				DEBUG_INFORMATION_FORMAT = "dwarf-with-dsym";
				ENABLE_NS_ASSERTIONS = NO;
				ENABLE_STRICT_OBJC_MSGSEND = YES;
				GCC_C_LANGUAGE_STANDARD = gnu11;
				GCC_NO_COMMON_BLOCKS = YES;
				GCC_WARN_64_TO_32_BIT_CONVERSION = YES;
				GCC_WARN_ABOUT_RETURN_TYPE = YES_ERROR;
				GCC_WARN_UNDECLARED_SELECTOR = YES;
				GCC_WARN_UNINITIALIZED_AUTOS = YES_AGGRESSIVE;
				GCC_WARN_UNUSED_FUNCTION = YES;
				GCC_WARN_UNUSED_VARIABLE = YES;
				MTL_ENABLE_DEBUG_INFO = NO;
				MTL_FAST_MATH = YES;
				SWIFT_COMPILATION_MODE = wholemodule;
				SWIFT_OPTIMIZATION_LEVEL = "-O";
			};
			name = Release;
		};
		4CBDFA4D2A96BD3900B94F5C /* Debug */ = {
			isa = XCBuildConfiguration;
			buildSettings = {
				ASSETCATALOG_COMPILER_APPICON_NAME = AppIcon;
				ASSETCATALOG_COMPILER_GLOBAL_ACCENT_COLOR_NAME = AccentColor;
				CODE_SIGN_ENTITLEMENTS = MakeItSo/MakeItSo.entitlements;
				CODE_SIGN_STYLE = Automatic;
				CURRENT_PROJECT_VERSION = 1;
				DEVELOPMENT_ASSET_PATHS = "\"MakeItSo/Preview Content\"";
				DEVELOPMENT_TEAM = KW3K97JRFG;
				ENABLE_HARDENED_RUNTIME = YES;
				ENABLE_PREVIEWS = YES;
				GENERATE_INFOPLIST_FILE = YES;
				"INFOPLIST_KEY_UIApplicationSceneManifest_Generation[sdk=iphoneos*]" = YES;
				"INFOPLIST_KEY_UIApplicationSceneManifest_Generation[sdk=iphonesimulator*]" = YES;
				"INFOPLIST_KEY_UIApplicationSupportsIndirectInputEvents[sdk=iphoneos*]" = YES;
				"INFOPLIST_KEY_UIApplicationSupportsIndirectInputEvents[sdk=iphonesimulator*]" = YES;
				"INFOPLIST_KEY_UILaunchScreen_Generation[sdk=iphoneos*]" = YES;
				"INFOPLIST_KEY_UILaunchScreen_Generation[sdk=iphonesimulator*]" = YES;
				"INFOPLIST_KEY_UIStatusBarStyle[sdk=iphoneos*]" = UIStatusBarStyleDefault;
				"INFOPLIST_KEY_UIStatusBarStyle[sdk=iphonesimulator*]" = UIStatusBarStyleDefault;
				INFOPLIST_KEY_UISupportedInterfaceOrientations_iPad = "UIInterfaceOrientationPortrait UIInterfaceOrientationPortraitUpsideDown UIInterfaceOrientationLandscapeLeft UIInterfaceOrientationLandscapeRight";
				INFOPLIST_KEY_UISupportedInterfaceOrientations_iPhone = "UIInterfaceOrientationPortrait UIInterfaceOrientationLandscapeLeft UIInterfaceOrientationLandscapeRight";
				IPHONEOS_DEPLOYMENT_TARGET = 16.0;
				LD_RUNPATH_SEARCH_PATHS = "@executable_path/Frameworks";
				"LD_RUNPATH_SEARCH_PATHS[sdk=macosx*]" = "@executable_path/../Frameworks";
				MACOSX_DEPLOYMENT_TARGET = 13.3;
				MARKETING_VERSION = 1.0;
				PRODUCT_BUNDLE_IDENTIFIER = com.LeonardoCaracho.MakeItSo;
				PRODUCT_NAME = "$(TARGET_NAME)";
				SDKROOT = auto;
				SUPPORTED_PLATFORMS = "iphoneos iphonesimulator macosx";
				SWIFT_EMIT_LOC_STRINGS = YES;
				SWIFT_VERSION = 5.0;
				TARGETED_DEVICE_FAMILY = "1,2";
			};
			name = Debug;
		};
		4CBDFA4E2A96BD3900B94F5C /* Release */ = {
			isa = XCBuildConfiguration;
			buildSettings = {
				ASSETCATALOG_COMPILER_APPICON_NAME = AppIcon;
				ASSETCATALOG_COMPILER_GLOBAL_ACCENT_COLOR_NAME = AccentColor;
				CODE_SIGN_ENTITLEMENTS = MakeItSo/MakeItSo.entitlements;
				CODE_SIGN_STYLE = Automatic;
				CURRENT_PROJECT_VERSION = 1;
				DEVELOPMENT_ASSET_PATHS = "\"MakeItSo/Preview Content\"";
				DEVELOPMENT_TEAM = KW3K97JRFG;
				ENABLE_HARDENED_RUNTIME = YES;
				ENABLE_PREVIEWS = YES;
				GENERATE_INFOPLIST_FILE = YES;
				"INFOPLIST_KEY_UIApplicationSceneManifest_Generation[sdk=iphoneos*]" = YES;
				"INFOPLIST_KEY_UIApplicationSceneManifest_Generation[sdk=iphonesimulator*]" = YES;
				"INFOPLIST_KEY_UIApplicationSupportsIndirectInputEvents[sdk=iphoneos*]" = YES;
				"INFOPLIST_KEY_UIApplicationSupportsIndirectInputEvents[sdk=iphonesimulator*]" = YES;
				"INFOPLIST_KEY_UILaunchScreen_Generation[sdk=iphoneos*]" = YES;
				"INFOPLIST_KEY_UILaunchScreen_Generation[sdk=iphonesimulator*]" = YES;
				"INFOPLIST_KEY_UIStatusBarStyle[sdk=iphoneos*]" = UIStatusBarStyleDefault;
				"INFOPLIST_KEY_UIStatusBarStyle[sdk=iphonesimulator*]" = UIStatusBarStyleDefault;
				INFOPLIST_KEY_UISupportedInterfaceOrientations_iPad = "UIInterfaceOrientationPortrait UIInterfaceOrientationPortraitUpsideDown UIInterfaceOrientationLandscapeLeft UIInterfaceOrientationLandscapeRight";
				INFOPLIST_KEY_UISupportedInterfaceOrientations_iPhone = "UIInterfaceOrientationPortrait UIInterfaceOrientationLandscapeLeft UIInterfaceOrientationLandscapeRight";
				IPHONEOS_DEPLOYMENT_TARGET = 16.0;
				LD_RUNPATH_SEARCH_PATHS = "@executable_path/Frameworks";
				"LD_RUNPATH_SEARCH_PATHS[sdk=macosx*]" = "@executable_path/../Frameworks";
				MACOSX_DEPLOYMENT_TARGET = 13.3;
				MARKETING_VERSION = 1.0;
				PRODUCT_BUNDLE_IDENTIFIER = com.LeonardoCaracho.MakeItSo;
				PRODUCT_NAME = "$(TARGET_NAME)";
				SDKROOT = auto;
				SUPPORTED_PLATFORMS = "iphoneos iphonesimulator macosx";
				SWIFT_EMIT_LOC_STRINGS = YES;
				SWIFT_VERSION = 5.0;
				TARGETED_DEVICE_FAMILY = "1,2";
			};
			name = Release;
		};
/* End XCBuildConfiguration section */

/* Begin XCConfigurationList section */
		4CBDFA382A96BD3700B94F5C /* Build configuration list for PBXProject "MakeItSo" */ = {
			isa = XCConfigurationList;
			buildConfigurations = (
				4CBDFA4A2A96BD3900B94F5C /* Debug */,
				4CBDFA4B2A96BD3900B94F5C /* Release */,
			);
			defaultConfigurationIsVisible = 0;
			defaultConfigurationName = Release;
		};
		4CBDFA4C2A96BD3900B94F5C /* Build configuration list for PBXNativeTarget "MakeItSo" */ = {
			isa = XCConfigurationList;
			buildConfigurations = (
				4CBDFA4D2A96BD3900B94F5C /* Debug */,
				4CBDFA4E2A96BD3900B94F5C /* Release */,
			);
			defaultConfigurationIsVisible = 0;
			defaultConfigurationName = Release;
		};
/* End XCConfigurationList section */

/* Begin XCRemoteSwiftPackageReference section */
		4C6E81982AA5F7DF00180F52 /* XCRemoteSwiftPackageReference "Factory" */ = {
			isa = XCRemoteSwiftPackageReference;
			repositoryURL = "https://github.com/hmlongco/Factory";
			requirement = {
				kind = upToNextMajorVersion;
				minimumVersion = 2.1.0;
			};
		};
		4CF22AC32A9D0F7900CDE10B /* XCRemoteSwiftPackageReference "firebase-ios-sdk" */ = {
			isa = XCRemoteSwiftPackageReference;
			repositoryURL = "https://github.com/firebase/firebase-ios-sdk";
			requirement = {
				kind = upToNextMajorVersion;
				minimumVersion = 10.0.9;
			};
		};
/* End XCRemoteSwiftPackageReference section */

/* Begin XCSwiftPackageProductDependency section */
		4C6E81992AA5F7E000180F52 /* Factory */ = {
			isa = XCSwiftPackageProductDependency;
			package = 4C6E81982AA5F7DF00180F52 /* XCRemoteSwiftPackageReference "Factory" */;
			productName = Factory;
		};
		4CF22AC42A9D0F7900CDE10B /* FirebaseAnalytics */ = {
			isa = XCSwiftPackageProductDependency;
			package = 4CF22AC32A9D0F7900CDE10B /* XCRemoteSwiftPackageReference "firebase-ios-sdk" */;
			productName = FirebaseAnalytics;
		};
		4CF22AC62A9D0F7900CDE10B /* FirebaseAnalyticsSwift */ = {
			isa = XCSwiftPackageProductDependency;
			package = 4CF22AC32A9D0F7900CDE10B /* XCRemoteSwiftPackageReference "firebase-ios-sdk" */;
			productName = FirebaseAnalyticsSwift;
		};
		4CF22AC82A9D0F7900CDE10B /* FirebaseAuth */ = {
			isa = XCSwiftPackageProductDependency;
			package = 4CF22AC32A9D0F7900CDE10B /* XCRemoteSwiftPackageReference "firebase-ios-sdk" */;
			productName = FirebaseAuth;
		};
		4CF22ACA2A9D0F7900CDE10B /* FirebaseFirestore */ = {
			isa = XCSwiftPackageProductDependency;
			package = 4CF22AC32A9D0F7900CDE10B /* XCRemoteSwiftPackageReference "firebase-ios-sdk" */;
			productName = FirebaseFirestore;
		};
		4CF22ACC2A9D0F7900CDE10B /* FirebaseFirestoreSwift */ = {
			isa = XCSwiftPackageProductDependency;
			package = 4CF22AC32A9D0F7900CDE10B /* XCRemoteSwiftPackageReference "firebase-ios-sdk" */;
			productName = FirebaseFirestoreSwift;
		};
/* End XCSwiftPackageProductDependency section */
	};
	rootObject = 4CBDFA352A96BD3700B94F5C /* Project object */;
}
